# -------------------------------------------------------------------------- #
#
# Copyright (C) 2016  Intel Corporation. All rights reserved.
# Your use of Intel Corporation's design tools, logic functions 
# and other software and tools, and its AMPP partner logic 
# functions, and any output files from any of the foregoing 
# (including device programming or simulation files), and any 
# associated documentation or information are expressly subject 
# to the terms and conditions of the Intel Program License 
# Subscription Agreement, the Intel Quartus Prime License Agreement,
# the Intel MegaCore Function License Agreement, or other 
# applicable license agreement, including, without limitation, 
# that your use is for the sole purpose of programming logic 
# devices manufactured by Intel and sold by Intel or its 
# authorized distributors.  Please refer to the applicable 
# agreement for further details.
#
# -------------------------------------------------------------------------- #
#
# Quartus Prime
# Version 16.1.1 Build 200 11/30/2016 SJ Standard Edition
# Date created = 18:38:25  April 10, 2026
#
# -------------------------------------------------------------------------- #
#
# Notes:
#
# 1) The default values for assignments are stored in the file:
#		top_assignment_defaults.qdf
#    If this file doesn't exist, see file:
#		assignment_defaults.qdf
#
# 2) Altera recommends that you do not modify this file. This
#    file is updated automatically by the Quartus Prime software
#    and any changes you make may be lost or overwritten.
#
# -------------------------------------------------------------------------- #


set_global_assignment -name FAMILY "MAX 10"
set_global_assignment -name DEVICE 10M50DAF484C7G
set_global_assignment -name TOP_LEVEL_ENTITY top
set_global_assignment -name ORIGINAL_QUARTUS_VERSION 16.1.1
set_global_assignment -name PROJECT_CREATION_TIME_DATE "18:38:25  APRIL 10, 2026"
set_global_assignment -name LAST_QUARTUS_VERSION "16.1.1 Standard Edition"
set_global_assignment -name PROJECT_OUTPUT_DIRECTORY output_files
set_global_assignment -name MIN_CORE_JUNCTION_TEMP 0
set_global_assignment -name MAX_CORE_JUNCTION_TEMP 85
set_global_assignment -name DEVICE_FILTER_PIN_COUNT 484
set_global_assignment -name ERROR_CHECK_FREQUENCY_DIVISOR 256
set_global_assignment -name POWER_PRESET_COOLING_SOLUTION "23 MM HEAT SINK WITH 200 LFPM AIRFLOW"
set_global_assignment -name POWER_BOARD_THERMAL_MODEL "NONE (CONSERVATIVE)"
set_global_assignment -name PARTITION_NETLIST_TYPE SOURCE -section_id Top
set_global_assignment -name PARTITION_FITTER_PRESERVATION_LEVEL PLACEMENT_AND_ROUTING -section_id Top
set_global_assignment -name PARTITION_COLOR 16764057 -section_id Top
set_location_assignment PIN_W8 -to TCK
set_location_assignment PIN_W9 -to TMS
set_location_assignment PIN_W10 -to TDI
set_location_assignment PIN_W7 -to TDO
set_instance_assignment -name IO_STANDARD "3.3-V LVTTL" -to TCK
set_instance_assignment -name IO_STANDARD "3.3-V LVTTL" -to TDI
set_instance_assignment -name IO_STANDARD "3.3-V LVTTL" -to TDO
set_instance_assignment -name IO_STANDARD "3.3-V LVTTL" -to TMS
set_location_assignment PIN_N14 -to CLK
set_location_assignment PIN_A7 -to RESETn
set_instance_assignment -name IO_STANDARD "3.3-V LVTTL" -to CLK
set_instance_assignment -name IO_STANDARD "3.3-V LVTTL" -to RESETn
set_global_assignment -name VERILOG_FILE "../soc-wuxi-arm/audio/rtl/spi_module.v"
set_global_assignment -name VERILOG_FILE "../soc-wuxi-arm/audio/rtl/spi_controller.v"
set_global_assignment -name VERILOG_FILE "../soc-wuxi-arm/audio/rtl/i2s_rx_core.v"
set_global_assignment -name VERILOG_FILE "../soc-wuxi-arm/audio/rtl/audio_fifo.v"
set_global_assignment -name VERILOG_FILE "../soc-wuxi-arm/audio/rtl/audio_ctrl_apb.v"
set_global_assignment -name VERILOG_FILE "../soc-wuxi-arm/arm-soc/sram/ram16x32.v"
set_global_assignment -name QIP_FILE "../soc-wuxi-arm/arm-soc/sram/ram16x32.qip"
set_global_assignment -name VERILOG_FILE "../soc-wuxi-arm/arm-soc/sram/max10_16Kx32.v"
set_global_assignment -name QIP_FILE "../soc-wuxi-arm/arm-soc/sram/max10_16Kx32.qip"
set_global_assignment -name VERILOG_FILE "../soc-wuxi-arm/arm-soc/sram/cmsdk_ahb_to_sram.v"
set_global_assignment -name VERILOG_FILE "../soc-wuxi-arm/arm-soc/sram/ahb_to_sram.v"
set_global_assignment -name VERILOG_FILE "../soc-wuxi-arm/arm-soc/sram/ahb_sram_top.v"
set_global_assignment -name VERILOG_FILE "../soc-wuxi-arm/arm-soc/matrix/OutputStage.v"
set_global_assignment -name VERILOG_FILE "../soc-wuxi-arm/arm-soc/matrix/InputStage.v"
set_global_assignment -name VERILOG_FILE "../soc-wuxi-arm/arm-soc/matrix/cmsdk_ahb_bm_output_arb.v"
set_global_assignment -name VERILOG_FILE "../soc-wuxi-arm/arm-soc/matrix/cmsdk_ahb_bm_decodeSI2.v"
set_global_assignment -name VERILOG_FILE "../soc-wuxi-arm/arm-soc/matrix/cmsdk_ahb_bm_decodeSI1.v"
set_global_assignment -name VERILOG_FILE "../soc-wuxi-arm/arm-soc/matrix/cmsdk_ahb_bm_decodeSI0.v"
set_global_assignment -name VERILOG_FILE "../soc-wuxi-arm/arm-soc/matrix/BusMatrix3x3_lite.v"
set_global_assignment -name VERILOG_FILE "../soc-wuxi-arm/arm-soc/matrix/BusMatrix3x3_default_slave.v"
set_global_assignment -name VERILOG_FILE "../soc-wuxi-arm/arm-soc/matrix/BusMatrix3x3.v"
set_global_assignment -name VERILOG_FILE "../soc-wuxi-arm/arm-soc/apb/gpio_ctrl.v"
set_global_assignment -name VERILOG_FILE "../soc-wuxi-arm/arm-soc/apb/gpio_apbif.v"
set_global_assignment -name VERILOG_FILE "../soc-wuxi-arm/arm-soc/apb/gpio.v"
set_global_assignment -name VERILOG_FILE "../soc-wuxi-arm/arm-soc/apb/cmsdk_apb_uart.v"
set_global_assignment -name VERILOG_FILE "../soc-wuxi-arm/arm-soc/apb/cmsdk_apb_timer.v"
set_global_assignment -name VERILOG_FILE "../soc-wuxi-arm/arm-soc/apb/cmsdk_apb_subsystem_speed.v"
set_global_assignment -name VERILOG_FILE "../soc-wuxi-arm/arm-soc/apb/cmsdk_apb_slave_mux.v"
set_global_assignment -name VERILOG_FILE "../soc-wuxi-arm/arm-soc/apb/cmsdk_ahb_to_apb.v"
set_global_assignment -name VERILOG_FILE "../soc-wuxi-arm/arm-soc/apb/apb_subsystem.v"
set_global_assignment -name VERILOG_FILE "../soc-wuxi-arm/arm-soc/top.v"
set_global_assignment -name VERILOG_FILE "../soc-wuxi-arm/arm-soc/CORTEXM3INTEGRATIONDS.v"
set_global_assignment -name VERILOG_FILE "../soc-wuxi-arm/arm-soc/cortexm3ds_logic.v"
set_global_assignment -name VERILOG_FILE "../soc-wuxi-arm/arm-soc/AHB2MEM.v"
set_global_assignment -name CDF_FILE ../QuartusExample/Chain1.cdf
set_global_assignment -name CDF_FILE output_files/Chain3.cdf
set_global_assignment -name CDF_FILE output_files/Chain1.cdf
set_location_assignment PIN_AA15 -to i2s_sck
set_location_assignment PIN_W13 -to i2s_sd
set_location_assignment PIN_AB13 -to i2s_ws
set_location_assignment PIN_AA2 -to flash_sclk
set_location_assignment PIN_Y3 -to flash_mosi
set_location_assignment PIN_Y4 -to flash_miso
set_location_assignment PIN_Y5 -to flash_cs_n
set_instance_assignment -name IO_STANDARD "3.3-V LVTTL" -to i2s_sck
set_instance_assignment -name IO_STANDARD "3.3-V LVTTL" -to i2s_sd
set_instance_assignment -name IO_STANDARD "3.3-V LVTTL" -to i2s_ws
set_instance_assignment -name IO_STANDARD "3.3-V LVTTL" -to flash_sclk
set_instance_assignment -name IO_STANDARD "3.3-V LVTTL" -to flash_mosi
set_instance_assignment -name IO_STANDARD "3.3-V LVTTL" -to flash_miso
set_instance_assignment -name IO_STANDARD "3.3-V LVTTL" -to flash_cs_n
set_instance_assignment -name PARTITION_HIERARCHY root_partition -to | -section_id Top